
Microsoft Visual Studio Solution File, Format Version 12.00
# Visual Studio Version 17
VisualStudioVersion = 17.12.35527.113 d17.12
MinimumVisualStudioVersion = 10.0.40219.1
Project("{FAE04EC0-301F-11D3-BF4B-00C04F79EFBC}") = "12. Integer to Roman", "12. Integer to Roman\12. Integer to Roman.csproj", "{FD8B8EF6-4363-4219-A505-B491577DF75A}"
EndProject
Global
	GlobalSection(SolutionConfigurationPlatforms) = preSolution
		Debug|Any CPU = Debug|Any CPU
		Release|Any CPU = Release|Any CPU
	EndGlobalSection
	GlobalSection(ProjectConfigurationPlatforms) = postSolution
		{FD8B8EF6-4363-4219-A505-B491577DF75A}.Debug|Any CPU.ActiveCfg = Debug|Any CPU
		{FD8B8EF6-4363-4219-A505-B491577DF75A}.Debug|Any CPU.Build.0 = Debug|Any CPU
		{FD8B8EF6-4363-4219-A505-B491577DF75A}.Release|Any CPU.ActiveCfg = Release|Any CPU
		{FD8B8EF6-4363-4219-A505-B491577DF75A}.Release|Any CPU.Build.0 = Release|Any CPU
	EndGlobalSection
	GlobalSection(SolutionProperties) = preSolution
		HideSolutionNode = FALSE
	EndGlobalSection
EndGlobal
